
Microsoft Visual Studio Solution File, Format Version 12.00
# Visual Studio Version 17
VisualStudioVersion = 17.5.33516.290
MinimumVisualStudioVersion = 10.0.40219.1
Project("{9A19103F-16F7-4668-BE54-9A1E7A4F7556}") = "Blog", "Blog\Blog.csproj", "{497C5980-3774-4DD8-9C1F-2B2A56788272}"
	ProjectSection(ProjectDependencies) = postProject
		{9E5AE846-1AAD-403E-A7F4-57FB6BAE0491} = {9E5AE846-1AAD-403E-A7F4-57FB6BAE0491}
	EndProjectSection
EndProject
Project("{2150E333-8FDC-42A3-9474-1A3956D46DE8}") = "Library", "Library", "{CF5E1BF7-33E1-4DB0-8E52-4A2C3C0A56E4}"
EndProject
Project("{9A19103F-16F7-4668-BE54-9A1E7A4F7556}") = "Core.Library", "Core.Library\Core.Library.csproj", "{A436A973-A173-4607-B15A-7C32106B79DF}"
EndProject
Project("{9A19103F-16F7-4668-BE54-9A1E7A4F7556}") = "Core.Context", "Core.Context\Core.Context.csproj", "{8F4E7393-6F20-4CF8-8DC7-ABFD8BE6B3E0}"
EndProject
Project("{9A19103F-16F7-4668-BE54-9A1E7A4F7556}") = "Core.Common", "Core.Common\Core.Common.csproj", "{9E5AE846-1AAD-403E-A7F4-57FB6BAE0491}"
EndProject
Project("{2150E333-8FDC-42A3-9474-1A3956D46DE8}") = "Module", "Module", "{65332D9C-835F-4E41-8E8C-F11B3720D81A}"
EndProject
Project("{9A19103F-16F7-4668-BE54-9A1E7A4F7556}") = "Blog.Entities", "Blog.Entities\Blog.Entities.csproj", "{E661501C-32F6-4F9C-ADF9-B2DD1A42F285}"
EndProject
Project("{9A19103F-16F7-4668-BE54-9A1E7A4F7556}") = "Blog.Services", "Blog.Services\Blog.Services.csproj", "{08F8C92B-D77E-440D-A1E0-120183CC64DA}"
EndProject
Global
	GlobalSection(SolutionConfigurationPlatforms) = preSolution
		Debug|Any CPU = Debug|Any CPU
		Release|Any CPU = Release|Any CPU
	EndGlobalSection
	GlobalSection(ProjectConfigurationPlatforms) = postSolution
		{497C5980-3774-4DD8-9C1F-2B2A56788272}.Debug|Any CPU.ActiveCfg = Debug|Any CPU
		{497C5980-3774-4DD8-9C1F-2B2A56788272}.Debug|Any CPU.Build.0 = Debug|Any CPU
		{497C5980-3774-4DD8-9C1F-2B2A56788272}.Release|Any CPU.ActiveCfg = Release|Any CPU
		{497C5980-3774-4DD8-9C1F-2B2A56788272}.Release|Any CPU.Build.0 = Release|Any CPU
		{A436A973-A173-4607-B15A-7C32106B79DF}.Debug|Any CPU.ActiveCfg = Debug|Any CPU
		{A436A973-A173-4607-B15A-7C32106B79DF}.Debug|Any CPU.Build.0 = Debug|Any CPU
		{A436A973-A173-4607-B15A-7C32106B79DF}.Release|Any CPU.ActiveCfg = Release|Any CPU
		{A436A973-A173-4607-B15A-7C32106B79DF}.Release|Any CPU.Build.0 = Release|Any CPU
		{8F4E7393-6F20-4CF8-8DC7-ABFD8BE6B3E0}.Debug|Any CPU.ActiveCfg = Debug|Any CPU
		{8F4E7393-6F20-4CF8-8DC7-ABFD8BE6B3E0}.Debug|Any CPU.Build.0 = Debug|Any CPU
		{8F4E7393-6F20-4CF8-8DC7-ABFD8BE6B3E0}.Release|Any CPU.ActiveCfg = Release|Any CPU
		{8F4E7393-6F20-4CF8-8DC7-ABFD8BE6B3E0}.Release|Any CPU.Build.0 = Release|Any CPU
		{9E5AE846-1AAD-403E-A7F4-57FB6BAE0491}.Debug|Any CPU.ActiveCfg = Debug|Any CPU
		{9E5AE846-1AAD-403E-A7F4-57FB6BAE0491}.Debug|Any CPU.Build.0 = Debug|Any CPU
		{9E5AE846-1AAD-403E-A7F4-57FB6BAE0491}.Release|Any CPU.ActiveCfg = Release|Any CPU
		{9E5AE846-1AAD-403E-A7F4-57FB6BAE0491}.Release|Any CPU.Build.0 = Release|Any CPU
		{E661501C-32F6-4F9C-ADF9-B2DD1A42F285}.Debug|Any CPU.ActiveCfg = Debug|Any CPU
		{E661501C-32F6-4F9C-ADF9-B2DD1A42F285}.Debug|Any CPU.Build.0 = Debug|Any CPU
		{E661501C-32F6-4F9C-ADF9-B2DD1A42F285}.Release|Any CPU.ActiveCfg = Release|Any CPU
		{E661501C-32F6-4F9C-ADF9-B2DD1A42F285}.Release|Any CPU.Build.0 = Release|Any CPU
		{08F8C92B-D77E-440D-A1E0-120183CC64DA}.Debug|Any CPU.ActiveCfg = Debug|Any CPU
		{08F8C92B-D77E-440D-A1E0-120183CC64DA}.Debug|Any CPU.Build.0 = Debug|Any CPU
		{08F8C92B-D77E-440D-A1E0-120183CC64DA}.Release|Any CPU.ActiveCfg = Release|Any CPU
		{08F8C92B-D77E-440D-A1E0-120183CC64DA}.Release|Any CPU.Build.0 = Release|Any CPU
	EndGlobalSection
	GlobalSection(SolutionProperties) = preSolution
		HideSolutionNode = FALSE
	EndGlobalSection
	GlobalSection(NestedProjects) = preSolution
		{A436A973-A173-4607-B15A-7C32106B79DF} = {CF5E1BF7-33E1-4DB0-8E52-4A2C3C0A56E4}
		{8F4E7393-6F20-4CF8-8DC7-ABFD8BE6B3E0} = {CF5E1BF7-33E1-4DB0-8E52-4A2C3C0A56E4}
		{9E5AE846-1AAD-403E-A7F4-57FB6BAE0491} = {CF5E1BF7-33E1-4DB0-8E52-4A2C3C0A56E4}
		{E661501C-32F6-4F9C-ADF9-B2DD1A42F285} = {65332D9C-835F-4E41-8E8C-F11B3720D81A}
		{08F8C92B-D77E-440D-A1E0-120183CC64DA} = {65332D9C-835F-4E41-8E8C-F11B3720D81A}
	EndGlobalSection
	GlobalSection(ExtensibilityGlobals) = postSolution
		SolutionGuid = {E63C46A0-9BFD-4353-ACE7-8B7B9ADE6D17}
	EndGlobalSection
EndGlobal
